// !$*UTF8*$!
{
	archiveVersion = 1;
	classes = {
	};
	objectVersion = 46;
	objects = {

/* Begin PBXBuildFile section */
		FDB406E21CAAF1F30076BEA9 /* main.m in Sources */ = {isa = PBXBuildFile; fileRef = FDB406E11CAAF1F30076BEA9 /* main.m */; };
		FDB406E51CAAF1F30076BEA9 /* AppDelegate.m in Sources */ = {isa = PBXBuildFile; fileRef = FDB406E41CAAF1F30076BEA9 /* AppDelegate.m */; };
		FDB406EB1CAAF1F30076BEA9 /* Main.storyboard in Resources */ = {isa = PBXBuildFile; fileRef = FDB406E91CAAF1F30076BEA9 /* Main.storyboard */; };
		FDB406ED1CAAF1F30076BEA9 /* Assets.xcassets in Resources */ = {isa = PBXBuildFile; fileRef = FDB406EC1CAAF1F30076BEA9 /* Assets.xcassets */; };
		FDB406F01CAAF1F30076BEA9 /* LaunchScreen.storyboard in Resources */ = {isa = PBXBuildFile; fileRef = FDB406EE1CAAF1F30076BEA9 /* LaunchScreen.storyboard */; };
		FDCBB1541CABCADB00F5701D /* TableViewController.m in Sources */ = {isa = PBXBuildFile; fileRef = FDCBB1531CABCADB00F5701D /* TableViewController.m */; };
		FDCBB1561CAD715500F5701D /* RefreshContents.xib in Resources */ = {isa = PBXBuildFile; fileRef = FDCBB1551CAD715500F5701D /* RefreshContents.xib */; };
/* End PBXBuildFile section */

/* Begin PBXFileReference section */
		FDB406DD1CAAF1F30076BEA9 /* CustomPullToRefresh.app */ = {isa = PBXFileReference; explicitFileType = wrapper.application; includeInIndex = 0; path = CustomPullToRefresh.app; sourceTree = BUILT_PRODUCTS_DIR; };
		FDB406E11CAAF1F30076BEA9 /* main.m */ = {isa = PBXFileReference; lastKnownFileType = sourcecode.c.objc; path = main.m; sourceTree = "<group>"; };
		FDB406E31CAAF1F30076BEA9 /* AppDelegate.h */ = {isa = PBXFileReference; lastKnownFileType = sourcecode.c.h; path = AppDelegate.h; sourceTree = "<group>"; };
		FDB406E41CAAF1F30076BEA9 /* AppDelegate.m */ = {isa = PBXFileReference; lastKnownFileType = sourcecode.c.objc; path = AppDelegate.m; sourceTree = "<group>"; };
		FDB406EA1CAAF1F30076BEA9 /* Base */ = {isa = PBXFileReference; lastKnownFileType = file.storyboard; name = Base; path = Base.lproj/Main.storyboard; sourceTree = "<group>"; };
		FDB406EC1CAAF1F30076BEA9 /* Assets.xcassets */ = {isa = PBXFileReference; lastKnownFileType = folder.assetcatalog; path = Assets.xcassets; sourceTree = "<group>"; };
		FDB406EF1CAAF1F30076BEA9 /* Base */ = {isa = PBXFileReference; lastKnownFileType = file.storyboard; name = Base; path = Base.lproj/LaunchScreen.storyboard; sourceTree = "<group>"; };
		FDB406F11CAAF1F30076BEA9 /* Info.plist */ = {isa = PBXFileReference; lastKnownFileType = text.plist.xml; path = Info.plist; sourceTree = "<group>"; };
		FDCBB1521CABCADB00F5701D /* TableViewController.h */ = {isa = PBXFileReference; fileEncoding = 4; lastKnownFileType = sourcecode.c.h; path = TableViewController.h; sourceTree = "<group>"; };
		FDCBB1531CABCADB00F5701D /* TableViewController.m */ = {isa = PBXFileReference; fileEncoding = 4; lastKnownFileType = sourcecode.c.objc; path = TableViewController.m; sourceTree = "<group>"; };
		FDCBB1551CAD715500F5701D /* RefreshContents.xib */ = {isa = PBXFileReference; fileEncoding = 4; lastKnownFileType = file.xib; path = RefreshContents.xib; sourceTree = "<group>"; };
/* End PBXFileReference section */

/* Begin PBXFrameworksBuildPhase section */
		FDB406DA1CAAF1F30076BEA9 /* Frameworks */ = {
			isa = PBXFrameworksBuildPhase;
			buildActionMask = 2147483647;
			files = (
			);
			runOnlyForDeploymentPostprocessing = 0;
		};
/* End PBXFrameworksBuildPhase section */

/* Begin PBXGroup section */
		FDB406D41CAAF1F30076BEA9 = {
			isa = PBXGroup;
			children = (
				FDB406DF1CAAF1F30076BEA9 /* CustomPullToRefresh */,
				FDB406DE1CAAF1F30076BEA9 /* Products */,
			);
			sourceTree = "<group>";
		};
		FDB406DE1CAAF1F30076BEA9 /* Products */ = {
			isa = PBXGroup;
			children = (
				FDB406DD1CAAF1F30076BEA9 /* CustomPullToRefresh.app */,
			);
			name = Products;
			sourceTree = "<group>";
		};
		FDB406DF1CAAF1F30076BEA9 /* CustomPullToRefresh */ = {
			isa = PBXGroup;
			children = (
				FDB406E31CAAF1F30076BEA9 /* AppDelegate.h */,
				FDB406E41CAAF1F30076BEA9 /* AppDelegate.m */,
				FDCBB1521CABCADB00F5701D /* TableViewController.h */,
				FDCBB1531CABCADB00F5701D /* TableViewController.m */,
				FDCBB1551CAD715500F5701D /* RefreshContents.xib */,
				FDB406E91CAAF1F30076BEA9 /* Main.storyboard */,
				FDB406EC1CAAF1F30076BEA9 /* Assets.xcassets */,
				FDB406EE1CAAF1F30076BEA9 /* LaunchScreen.storyboard */,
				FDB406F11CAAF1F30076BEA9 /* Info.plist */,
				FDB406E01CAAF1F30076BEA9 /* Supporting Files */,
			);
			path = CustomPullToRefresh;
			sourceTree = "<group>";
		};
		FDB406E01CAAF1F30076BEA9 /* Supporting Files */ = {
			isa = PBXGroup;
			children = (
				FDB406E11CAAF1F30076BEA9 /* main.m */,
			);
			name = "Supporting Files";
			sourceTree = "<group>";
		};
/* End PBXGroup section */

/* Begin PBXNativeTarget section */
		FDB406DC1CAAF1F30076BEA9 /* CustomPullToRefresh */ = {
			isa = PBXNativeTarget;
			buildConfigurationList = FDB406F41CAAF1F30076BEA9 /* Build configuration list for PBXNativeTarget "CustomPullToRefresh" */;
			buildPhases = (
				FDB406D91CAAF1F30076BEA9 /* Sources */,
				FDB406DA1CAAF1F30076BEA9 /* Frameworks */,
				FDB406DB1CAAF1F30076BEA9 /* Resources */,
			);
			buildRules = (
			);
			dependencies = (
			);
			name = CustomPullToRefresh;
			productName = CustomPullToRefresh;
			productReference = FDB406DD1CAAF1F30076BEA9 /* CustomPullToRefresh.app */;
			productType = "com.apple.product-type.application";
		};
/* End PBXNativeTarget section */

/* Begin PBXProject section */
		FDB406D51CAAF1F30076BEA9 /* Project object */ = {
			isa = PBXProject;
			attributes = {
				LastUpgradeCheck = 0720;
				ORGANIZATIONNAME = thanksdanny;
				TargetAttributes = {
					FDB406DC1CAAF1F30076BEA9 = {
						CreatedOnToolsVersion = 7.2.1;
					};
				};
			};
			buildConfigurationList = FDB406D81CAAF1F30076BEA9 /* Build configuration list for PBXProject "CustomPullToRefresh" */;
			compatibilityVersion = "Xcode 3.2";
			developmentRegion = English;
			hasScannedForEncodings = 0;
			knownRegions = (
				en,
				Base,
			);
			mainGroup = FDB406D41CAAF1F30076BEA9;
			productRefGroup = FDB406DE1CAAF1F30076BEA9 /* Products */;
			projectDirPath = "";
			projectRoot = "";
			targets = (
				FDB406DC1CAAF1F30076BEA9 /* CustomPullToRefresh */,
			);
		};
/* End PBXProject section */

/* Begin PBXResourcesBuildPhase section */
		FDB406DB1CAAF1F30076BEA9 /* Resources */ = {
			isa = PBXResourcesBuildPhase;
			buildActionMask = 2147483647;
			files = (
				FDB406F01CAAF1F30076BEA9 /* LaunchScreen.storyboard in Resources */,
				FDCBB1561CAD715500F5701D /* RefreshContents.xib in Resources */,
				FDB406ED1CAAF1F30076BEA9 /* Assets.xcassets in Resources */,
				FDB406EB1CAAF1F30076BEA9 /* Main.storyboard in Resources */,
			);
			runOnlyForDeploymentPostprocessing = 0;
		};
/* End PBXResourcesBuildPhase section */

/* Begin PBXSourcesBuildPhase section */
		FDB406D91CAAF1F30076BEA9 /* Sources */ = {
			isa = PBXSourcesBuildPhase;
			buildActionMask = 2147483647;
			files = (
				FDB406E51CAAF1F30076BEA9 /* AppDelegate.m in Sources */,
				FDCBB1541CABCADB00F5701D /* TableViewController.m in Sources */,
				FDB406E21CAAF1F30076BEA9 /* main.m in Sources */,
			);
			runOnlyForDeploymentPostprocessing = 0;
		};
/* End PBXSourcesBuildPhase section */

/* Begin PBXVariantGroup section */
		FDB406E91CAAF1F30076BEA9 /* Main.storyboard */ = {
			isa = PBXVariantGroup;
			children = (
				FDB406EA1CAAF1F30076BEA9 /* Base */,
			);
			name = Main.storyboard;
			sourceTree = "<group>";
		};
		FDB406EE1CAAF1F30076BEA9 /* LaunchScreen.storyboard */ = {
			isa = PBXVariantGroup;
			children = (
				FDB406EF1CAAF1F30076BEA9 /* Base */,
			);
			name = LaunchScreen.storyboard;
			sourceTree = "<group>";
		};
/* End PBXVariantGroup section */

/* Begin XCBuildConfiguration section */
		FDB406F21CAAF1F30076BEA9 /* Debug */ = {
			isa = XCBuildConfiguration;
			buildSettings = {
				ALWAYS_SEARCH_USER_PATHS = NO;
				CLANG_CXX_LANGUAGE_STANDARD = "gnu++0x";
				CLANG_CXX_LIBRARY = "libc++";
				CLANG_ENABLE_MODULES = YES;
				CLANG_ENABLE_OBJC_ARC = YES;
				CLANG_WARN_BOOL_CONVERSION = YES;
				CLANG_WARN_CONSTANT_CONVERSION = YES;
				CLANG_WARN_DIRECT_OBJC_ISA_USAGE = YES_ERROR;
				CLANG_WARN_EMPTY_BODY = YES;
				CLANG_WARN_ENUM_CONVERSION = YES;
				CLANG_WARN_INT_CONVERSION = YES;
				CLANG_WARN_OBJC_ROOT_CLASS = YES_ERROR;
				CLANG_WARN_UNREACHABLE_CODE = YES;
				CLANG_WARN__DUPLICATE_METHOD_MATCH = YES;
				"CODE_SIGN_IDENTITY[sdk=iphoneos*]" = "iPhone Developer";
				COPY_PHASE_STRIP = NO;
				DEBUG_INFORMATION_FORMAT = dwarf;
				ENABLE_STRICT_OBJC_MSGSEND = YES;
				ENABLE_TESTABILITY = YES;
				GCC_C_LANGUAGE_STANDARD = gnu99;
				GCC_DYNAMIC_NO_PIC = NO;
				GCC_NO_COMMON_BLOCKS = YES;
				GCC_OPTIMIZATION_LEVEL = 0;
				GCC_PREPROCESSOR_DEFINITIONS = (
					"DEBUG=1",
					"$(inherited)",
				);
				GCC_WARN_64_TO_32_BIT_CONVERSION = YES;
				GCC_WARN_ABOUT_RETURN_TYPE = YES_ERROR;
				GCC_WARN_UNDECLARED_SELECTOR = YES;
				GCC_WARN_UNINITIALIZED_AUTOS = YES_AGGRESSIVE;
				GCC_WARN_UNUSED_FUNCTION = YES;
				GCC_WARN_UNUSED_VARIABLE = YES;
				IPHONEOS_DEPLOYMENT_TARGET = 9.2;
				MTL_ENABLE_DEBUG_INFO = YES;
				ONLY_ACTIVE_ARCH = YES;
				SDKROOT = iphoneos;
			};
			name = Debug;
		};
		FDB406F31CAAF1F30076BEA9 /* Release */ = {
			isa = XCBuildConfiguration;
			buildSettings = {
				ALWAYS_SEARCH_USER_PATHS = NO;
				CLANG_CXX_LANGUAGE_STANDARD = "gnu++0x";
				CLANG_CXX_LIBRARY = "libc++";
				CLANG_ENABLE_MODULES = YES;
				CLANG_ENABLE_OBJC_ARC = YES;
				CLANG_WARN_BOOL_CONVERSION = YES;
				CLANG_WARN_CONSTANT_CONVERSION = YES;
				CLANG_WARN_DIRECT_OBJC_ISA_USAGE = YES_ERROR;
				CLANG_WARN_EMPTY_BODY = YES;
				CLANG_WARN_ENUM_CONVERSION = YES;
				CLANG_WARN_INT_CONVERSION = YES;
				CLANG_WARN_OBJC_ROOT_CLASS = YES_ERROR;
				CLANG_WARN_UNREACHABLE_CODE = YES;
				CLANG_WARN__DUPLICATE_METHOD_MATCH = YES;
				"CODE_SIGN_IDENTITY[sdk=iphoneos*]" = "iPhone Developer";
				COPY_PHASE_STRIP = NO;
				DEBUG_INFORMATION_FORMAT = "dwarf-with-dsym";
				ENABLE_NS_ASSERTIONS = NO;
				ENABLE_STRICT_OBJC_MSGSEND = YES;
				GCC_C_LANGUAGE_STANDARD = gnu99;
				GCC_NO_COMMON_BLOCKS = YES;
				GCC_WARN_64_TO_32_BIT_CONVERSION = YES;
				GCC_WARN_ABOUT_RETURN_TYPE = YES_ERROR;
				GCC_WARN_UNDECLARED_SELECTOR = YES;
				GCC_WARN_UNINITIALIZED_AUTOS = YES_AGGRESSIVE;
				GCC_WARN_UNUSED_FUNCTION = YES;
				GCC_WARN_UNUSED_VARIABLE = YES;
				IPHONEOS_DEPLOYMENT_TARGET = 9.2;
				MTL_ENABLE_DEBUG_INFO = NO;
				SDKROOT = iphoneos;
				VALIDATE_PRODUCT = YES;
			};
			name = Release;
		};
		FDB406F51CAAF1F30076BEA9 /* Debug */ = {
			isa = XCBuildConfiguration;
			buildSettings = {
				ASSETCATALOG_COMPILER_APPICON_NAME = AppIcon;
				INFOPLIST_FILE = CustomPullToRefresh/Info.plist;
				LD_RUNPATH_SEARCH_PATHS = "$(inherited) @executable_path/Frameworks";
				PRODUCT_BUNDLE_IDENTIFIER = com.thanksdanny.CustomPullToRefresh;
				PRODUCT_NAME = "$(TARGET_NAME)";
			};
			name = Debug;
		};
		FDB406F61CAAF1F30076BEA9 /* Release */ = {
			isa = XCBuildConfiguration;
			buildSettings = {
				ASSETCATALOG_COMPILER_APPICON_NAME = AppIcon;
				INFOPLIST_FILE = CustomPullToRefresh/Info.plist;
				LD_RUNPATH_SEARCH_PATHS = "$(inherited) @executable_path/Frameworks";
				PRODUCT_BUNDLE_IDENTIFIER = com.thanksdanny.CustomPullToRefresh;
				PRODUCT_NAME = "$(TARGET_NAME)";
			};
			name = Release;
		};
/* End XCBuildConfiguration section */

/* Begin XCConfigurationList section */
		FDB406D81CAAF1F30076BEA9 /* Build configuration list for PBXProject "CustomPullToRefresh" */ = {
			isa = XCConfigurationList;
			buildConfigurations = (
				FDB406F21CAAF1F30076BEA9 /* Debug */,
				FDB406F31CAAF1F30076BEA9 /* Release */,
			);
			defaultConfigurationIsVisible = 0;
			defaultConfigurationName = Release;
		};
		FDB406F41CAAF1F30076BEA9 /* Build configuration list for PBXNativeTarget "CustomPullToRefresh" */ = {
			isa = XCConfigurationList;
			buildConfigurations = (
				FDB406F51CAAF1F30076BEA9 /* Debug */,
				FDB406F61CAAF1F30076BEA9 /* Release */,
			);
			defaultConfigurationIsVisible = 0;
			defaultConfigurationName = Release;
		};
/* End XCConfigurationList section */
	};
	rootObject = FDB406D51CAAF1F30076BEA9 /* Project object */;
}
